{
  "name": "tealcompiler",
  "lockfileVersion": 2,
  "requires": true,
  "packages": {
    "": {
      "dependencies": {
        "@randlabs/myalgo-connect": "^1.2.0"
      }
    },
    "node_modules/@randlabs/communication-bridge": {
      "version": "1.0.0",
      "resolved": "https://registry.npmjs.org/@randlabs/communication-bridge/-/communication-bridge-1.0.0.tgz",
      "integrity": "sha512-CuJNwtMTG1LHR1LQNWUPv+8xPUdkRY9p61wGJEp8J/N3q8djmnMySvSQlyVqLBvXsTPKmYc0ZmfXEXCpb5P5Cw=="
    },
    "node_modules/@randlabs/myalgo-connect": {
      "version": "1.2.0",
      "resolved": "https://registry.npmjs.org/@randlabs/myalgo-connect/-/myalgo-connect-1.2.0.tgz",
      "integrity": "sha512-eUuv90M4LBrdL+A6qTrOqaICeRqmwZKW7JIfgaM6GgmfDopf8ugdK0gA2TuaCvCytA/NahEnsM5+Eup/ngUsLA==",
      "dependencies": {
        "@randlabs/communication-bridge": "^1.0.0"
      }
    }
  },
  "dependencies": {
    "@randlabs/communication-bridge": {
      "version": "1.0.0",
      "resolved": "https://registry.npmjs.org/@randlabs/communication-bridge/-/communication-bridge-1.0.0.tgz",
      "integrity": "sha512-CuJNwtMTG1LHR1LQNWUPv+8xPUdkRY9p61wGJEp8J/N3q8djmnMySvSQlyVqLBvXsTPKmYc0ZmfXEXCpb5P5Cw=="
    },
    "@randlabs/myalgo-connect": {
      "version": "1.2.0",
      "resolved": "https://registry.npmjs.org/@randlabs/myalgo-connect/-/myalgo-connect-1.2.0.tgz",
      "integrity": "sha512-eUuv90M4LBrdL+A6qTrOqaICeRqmwZKW7JIfgaM6GgmfDopf8ugdK0gA2TuaCvCytA/NahEnsM5+Eup/ngUsLA==",
      "requires": {
        "@randlabs/communication-bridge": "^1.0.0"
      }
    }
  }
}
